
Microsoft Visual Studio Solution File, Format Version 12.00
# Visual Studio Version 17
VisualStudioVersion = 17.14.35821.62 d17.14
MinimumVisualStudioVersion = 10.0.40219.1
Project("{FAE04EC0-301F-11D3-BF4B-00C04F79EFBC}") = "Showdown", "Showdown.csproj", "{D1DF9921-37D1-4087-A9B7-BD79E54EB546}"
EndProject
Global
	GlobalSection(SolutionConfigurationPlatforms) = preSolution
		Debug|Any CPU = Debug|Any CPU
		Release|Any CPU = Release|Any CPU
	EndGlobalSection
	GlobalSection(ProjectConfigurationPlatforms) = postSolution
		{D1DF9921-37D1-4087-A9B7-BD79E54EB546}.Debug|Any CPU.ActiveCfg = Debug|Any CPU
		{D1DF9921-37D1-4087-A9B7-BD79E54EB546}.Debug|Any CPU.Build.0 = Debug|Any CPU
		{D1DF9921-37D1-4087-A9B7-BD79E54EB546}.Release|Any CPU.ActiveCfg = Release|Any CPU
		{D1DF9921-37D1-4087-A9B7-BD79E54EB546}.Release|Any CPU.Build.0 = Release|Any CPU
	EndGlobalSection
	GlobalSection(SolutionProperties) = preSolution
		HideSolutionNode = FALSE
	EndGlobalSection
	GlobalSection(ExtensibilityGlobals) = postSolution
		SolutionGuid = {01D3733C-E5DE-416B-9FF0-A6E7B9F9482F}
	EndGlobalSection
EndGlobal
