
Microsoft Visual Studio Solution File, Format Version 12.00
Project("{FAE04EC0-301F-11D3-BF4B-00C04F79EFBC}") = "FSM", "FSM.csproj", "{18C6C603-E8BC-400D-8084-2817FC7455CC}"
EndProject
Global
	GlobalSection(SolutionConfigurationPlatforms) = preSolution
		Debug|Any CPU = Debug|Any CPU
		Release|Any CPU = Release|Any CPU
	EndGlobalSection
	GlobalSection(ProjectConfigurationPlatforms) = postSolution
		{18C6C603-E8BC-400D-8084-2817FC7455CC}.Debug|Any CPU.ActiveCfg = Debug|Any CPU
		{18C6C603-E8BC-400D-8084-2817FC7455CC}.Debug|Any CPU.Build.0 = Debug|Any CPU
		{18C6C603-E8BC-400D-8084-2817FC7455CC}.Release|Any CPU.ActiveCfg = Release|Any CPU
		{18C6C603-E8BC-400D-8084-2817FC7455CC}.Release|Any CPU.Build.0 = Release|Any CPU
	EndGlobalSection
EndGlobal
