
Microsoft Visual Studio Solution File, Format Version 12.00
# Visual Studio Version 17
VisualStudioVersion = 17.14.35821.62 d17.14
MinimumVisualStudioVersion = 10.0.40219.1
Project("{FAE04EC0-301F-11D3-BF4B-00C04F79EFBC}") = "Big2", "Big2.csproj", "{D66991DE-C7C0-66BB-F89E-91BCA243F1F0}"
EndProject
Global
	GlobalSection(SolutionConfigurationPlatforms) = preSolution
		Debug|Any CPU = Debug|Any CPU
		Release|Any CPU = Release|Any CPU
	EndGlobalSection
	GlobalSection(ProjectConfigurationPlatforms) = postSolution
		{D66991DE-C7C0-66BB-F89E-91BCA243F1F0}.Debug|Any CPU.ActiveCfg = Debug|Any CPU
		{D66991DE-C7C0-66BB-F89E-91BCA243F1F0}.Debug|Any CPU.Build.0 = Debug|Any CPU
		{D66991DE-C7C0-66BB-F89E-91BCA243F1F0}.Release|Any CPU.ActiveCfg = Release|Any CPU
		{D66991DE-C7C0-66BB-F89E-91BCA243F1F0}.Release|Any CPU.Build.0 = Release|Any CPU
	EndGlobalSection
	GlobalSection(SolutionProperties) = preSolution
		HideSolutionNode = FALSE
	EndGlobalSection
	GlobalSection(ExtensibilityGlobals) = postSolution
		SolutionGuid = {4E1DC495-86C5-4412-8429-6305DCF33812}
	EndGlobalSection
EndGlobal
