
Microsoft Visual Studio Solution File, Format Version 12.00
Project("{FAE04EC0-301F-11D3-BF4B-00C04F79EFBC}") = "Template Method", "Template Method.csproj", "{86661665-CCD8-44CE-A646-EE1A3A51C235}"
EndProject
Global
	GlobalSection(SolutionConfigurationPlatforms) = preSolution
		Debug|Any CPU = Debug|Any CPU
		Release|Any CPU = Release|Any CPU
	EndGlobalSection
	GlobalSection(ProjectConfigurationPlatforms) = postSolution
		{86661665-CCD8-44CE-A646-EE1A3A51C235}.Debug|Any CPU.ActiveCfg = Debug|Any CPU
		{86661665-CCD8-44CE-A646-EE1A3A51C235}.Debug|Any CPU.Build.0 = Debug|Any CPU
		{86661665-CCD8-44CE-A646-EE1A3A51C235}.Release|Any CPU.ActiveCfg = Release|Any CPU
		{86661665-CCD8-44CE-A646-EE1A3A51C235}.Release|Any CPU.Build.0 = Release|Any CPU
	EndGlobalSection
EndGlobal
